
Microsoft Visual Studio Solution File, Format Version 12.00
# Visual Studio 15
VisualStudioVersion = 15.0.26430.12
MinimumVisualStudioVersion = 10.0.40219.1
Project("{FAE04EC0-301F-11D3-BF4B-00C04F79EFBC}") = "NuGetValidators.Localization", "NuGetValidators.Localization\NuGetValidators.Localization.csproj", "{4C895557-98E1-49EA-AA20-9E770EA2D46B}"
EndProject
Project("{FAE04EC0-301F-11D3-BF4B-00C04F79EFBC}") = "NuGetValidators.Utility", "NuGetValidators.Utility\NuGetValidators.Utility.csproj", "{C2D18145-15A8-43B3-BFD7-9C461401B192}"
EndProject
Project("{2150E333-8FDC-42A3-9474-1A3956D46DE8}") = "Solution Items", "Solution Items", "{63E28A7C-B7AF-43A9-9692-A07F2D0BEB1A}"
	ProjectSection(SolutionItems) = preProject
		build.ps1 = build.ps1
		common.ps1 = common.ps1
		README.md = README.md
	EndProjectSection
EndProject
Project("{9A19103F-16F7-4668-BE54-9A1E7A4F7556}") = "NuGetValidators.Artifact", "NuGetValidators.Artifact\NuGetValidators.Artifact.csproj", "{187E06DA-F0F3-448C-85FD-7C7340587936}"
EndProject
Global
	GlobalSection(SolutionConfigurationPlatforms) = preSolution
		Debug|Any CPU = Debug|Any CPU
		Release|Any CPU = Release|Any CPU
	EndGlobalSection
	GlobalSection(ProjectConfigurationPlatforms) = postSolution
		{4C895557-98E1-49EA-AA20-9E770EA2D46B}.Debug|Any CPU.ActiveCfg = Debug|Any CPU
		{4C895557-98E1-49EA-AA20-9E770EA2D46B}.Debug|Any CPU.Build.0 = Debug|Any CPU
		{4C895557-98E1-49EA-AA20-9E770EA2D46B}.Release|Any CPU.ActiveCfg = Release|Any CPU
		{4C895557-98E1-49EA-AA20-9E770EA2D46B}.Release|Any CPU.Build.0 = Release|Any CPU
		{C2D18145-15A8-43B3-BFD7-9C461401B192}.Debug|Any CPU.ActiveCfg = Debug|Any CPU
		{C2D18145-15A8-43B3-BFD7-9C461401B192}.Debug|Any CPU.Build.0 = Debug|Any CPU
		{C2D18145-15A8-43B3-BFD7-9C461401B192}.Release|Any CPU.ActiveCfg = Release|Any CPU
		{C2D18145-15A8-43B3-BFD7-9C461401B192}.Release|Any CPU.Build.0 = Release|Any CPU
		{187E06DA-F0F3-448C-85FD-7C7340587936}.Debug|Any CPU.ActiveCfg = Debug|Any CPU
		{187E06DA-F0F3-448C-85FD-7C7340587936}.Debug|Any CPU.Build.0 = Debug|Any CPU
		{187E06DA-F0F3-448C-85FD-7C7340587936}.Release|Any CPU.ActiveCfg = Release|Any CPU
		{187E06DA-F0F3-448C-85FD-7C7340587936}.Release|Any CPU.Build.0 = Release|Any CPU
	EndGlobalSection
	GlobalSection(SolutionProperties) = preSolution
		HideSolutionNode = FALSE
	EndGlobalSection
EndGlobal
